version = 1
revision = 3
requires-python = ">=3.13"

[[package]]
name = "attrs"
version = "25.3.0"
source = { registry = "https://pypi.org/simple" }
sdist = { url = "https://files.pythonhosted.org/packages/5a/b0/1367933a8532ee6ff8d63537de4f1177af4bff9f3e829baf7331f595bb24/attrs-25.3.0.tar.gz", hash = "sha256:75d7cefc7fb576747b2c81b4442d4d4a1ce0900973527c011d1030fd3bf4af1b", size = 812032, upload-time = "2025-03-13T11:10:22.779Z" }
wheels = [
    { url = "https://files.pythonhosted.org/packages/77/06/bb80f5f86020c4551da315d78b3ab75e8228f89f0162f2c3a819e407941a/attrs-25.3.0-py3-none-any.whl", hash = "sha256:427318ce031701fea540783410126f03899a97ffc6f61596ad581ac2e40e3bc3", size = 63815, upload-time = "2025-03-13T11:10:21.14Z" },
]

[[package]]
name = "hepunits"
version = "2.4.1"
source = { registry = "https://pypi.org/simple" }
sdist = { url = "https://files.pythonhosted.org/packages/fa/66/b5cb16b1c8a2f474820a21834fd722b8f5eb41854311afc92d3474a5395e/hepunits-2.4.1.tar.gz", hash = "sha256:141ef23efedc5bb05c03411a3584cbfd3c7e76a1f378498cba4401dda82f69fc", size = 15965, upload-time = "2025-09-30T10:05:58.35Z" }
wheels = [
    { url = "https://files.pythonhosted.org/packages/6d/55/32577d36db68dc0fa3e13680769bf98a51b6b08ef9ebc5d993f72ea0a4f1/hepunits-2.4.1-py3-none-any.whl", hash = "sha256:d6215e17ef0da0093738530aa973d0113933bb5f92d52ae60394669ce829a712", size = 16619, upload-time = "2025-09-30T10:05:56.868Z" },
]

[[package]]
name = "particle"
version = "0.26.0"
source = { registry = "https://pypi.org/simple" }
dependencies = [
    { name = "attrs" },
    { name = "hepunits" },
]
sdist = { url = "https://files.pythonhosted.org/packages/5c/e7/af359b9dad71d313b68b2bc53453c7e94ae3f08f34d68def46e6d58c4fab/particle-0.26.0.tar.gz", hash = "sha256:11c869465f5467efb975dcc77e2327e2c4e3691de755ebcf853f504b2974ba16", size = 328302, upload-time = "2025-09-30T13:27:58.906Z" }
wheels = [
    { url = "https://files.pythonhosted.org/packages/c1/d9/e57e826df17608a40d5d3d2878d405cd773218853686329a7bea9dcbbb57/particle-0.26.0-py3-none-any.whl", hash = "sha256:231c17d76c3b21b4a2c26303e7b6e59f60ae7ebff813c6e8330ac3b61689807f", size = 307980, upload-time = "2025-09-30T13:27:56.949Z" },
]

[[package]]
name = "pdg-lookup-util"
version = "0.1.0"
source = { virtual = "." }
dependencies = [
    { name = "particle" },
]

[package.metadata]
requires-dist = [{ name = "particle", specifier = ">=0.26.0" }]
